
Microsoft Visual Studio Solution File, Format Version 12.00
# Visual Studio Version 17
VisualStudioVersion = 17.12.35527.113
MinimumVisualStudioVersion = 10.0.40219.1
Project("{FAE04EC0-301F-11D3-BF4B-00C04F79EFBC}") = "OnlineShop", "OnlineShop\OnlineShop.csproj", "{3686584D-53BA-40CC-8478-52C05AE08AF7}"
EndProject
Project("{FAE04EC0-301F-11D3-BF4B-00C04F79EFBC}") = "OnlineShop.BLL", "OnlineShop.BLL\OnlineShop.BLL.csproj", "{2BA85FF2-69FF-48E1-93FB-DBF28A1D5492}"
EndProject
Project("{FAE04EC0-301F-11D3-BF4B-00C04F79EFBC}") = "OnlineShop.DAL", "OnlineShop.DAL\OnlineShop.DAL.csproj", "{F9715ABF-A241-4C84-8715-6403D8B73A28}"
EndProject
Project("{FAE04EC0-301F-11D3-BF4B-00C04F79EFBC}") = "OnlineShop.Core", "OnlineShop.Core\OnlineShop.Core.csproj", "{EEE71AEB-2C0C-42F1-9335-9EBCCA4F255B}"
EndProject
Project("{FAE04EC0-301F-11D3-BF4B-00C04F79EFBC}") = "Chess", "Chess\Chess.csproj", "{FACE44E9-1F4C-440F-817D-7A3685D122C4}"
EndProject
Global
	GlobalSection(SolutionConfigurationPlatforms) = preSolution
		Debug|Any CPU = Debug|Any CPU
		Release|Any CPU = Release|Any CPU
	EndGlobalSection
	GlobalSection(ProjectConfigurationPlatforms) = postSolution
		{3686584D-53BA-40CC-8478-52C05AE08AF7}.Debug|Any CPU.ActiveCfg = Debug|Any CPU
		{3686584D-53BA-40CC-8478-52C05AE08AF7}.Debug|Any CPU.Build.0 = Debug|Any CPU
		{3686584D-53BA-40CC-8478-52C05AE08AF7}.Release|Any CPU.ActiveCfg = Release|Any CPU
		{3686584D-53BA-40CC-8478-52C05AE08AF7}.Release|Any CPU.Build.0 = Release|Any CPU
		{2BA85FF2-69FF-48E1-93FB-DBF28A1D5492}.Debug|Any CPU.ActiveCfg = Debug|Any CPU
		{2BA85FF2-69FF-48E1-93FB-DBF28A1D5492}.Debug|Any CPU.Build.0 = Debug|Any CPU
		{2BA85FF2-69FF-48E1-93FB-DBF28A1D5492}.Release|Any CPU.ActiveCfg = Release|Any CPU
		{2BA85FF2-69FF-48E1-93FB-DBF28A1D5492}.Release|Any CPU.Build.0 = Release|Any CPU
		{F9715ABF-A241-4C84-8715-6403D8B73A28}.Debug|Any CPU.ActiveCfg = Debug|Any CPU
		{F9715ABF-A241-4C84-8715-6403D8B73A28}.Debug|Any CPU.Build.0 = Debug|Any CPU
		{F9715ABF-A241-4C84-8715-6403D8B73A28}.Release|Any CPU.ActiveCfg = Release|Any CPU
		{F9715ABF-A241-4C84-8715-6403D8B73A28}.Release|Any CPU.Build.0 = Release|Any CPU
		{EEE71AEB-2C0C-42F1-9335-9EBCCA4F255B}.Debug|Any CPU.ActiveCfg = Debug|Any CPU
		{EEE71AEB-2C0C-42F1-9335-9EBCCA4F255B}.Debug|Any CPU.Build.0 = Debug|Any CPU
		{EEE71AEB-2C0C-42F1-9335-9EBCCA4F255B}.Release|Any CPU.ActiveCfg = Release|Any CPU
		{EEE71AEB-2C0C-42F1-9335-9EBCCA4F255B}.Release|Any CPU.Build.0 = Release|Any CPU
		{FACE44E9-1F4C-440F-817D-7A3685D122C4}.Debug|Any CPU.ActiveCfg = Debug|Any CPU
		{FACE44E9-1F4C-440F-817D-7A3685D122C4}.Debug|Any CPU.Build.0 = Debug|Any CPU
		{FACE44E9-1F4C-440F-817D-7A3685D122C4}.Release|Any CPU.ActiveCfg = Release|Any CPU
		{FACE44E9-1F4C-440F-817D-7A3685D122C4}.Release|Any CPU.Build.0 = Release|Any CPU
	EndGlobalSection
	GlobalSection(SolutionProperties) = preSolution
		HideSolutionNode = FALSE
	EndGlobalSection
EndGlobal
